
Microsoft Visual Studio Solution File, Format Version 12.00
# Visual Studio Version 17
VisualStudioVersion = 17.8.34408.163
MinimumVisualStudioVersion = 10.0.40219.1
Project("{8BC9CEB8-8B4A-11D0-8D11-00A0C91BC942}") = "chp10", "chp10.vcxproj", "{8FE65902-BCA5-4C98-9691-7DEF652BF249}"
EndProject
Global
	GlobalSection(SolutionConfigurationPlatforms) = preSolution
		Debug|x64 = Debug|x64
		Debug|x86 = Debug|x86
		Release|x64 = Release|x64
		Release|x86 = Release|x86
	EndGlobalSection
	GlobalSection(ProjectConfigurationPlatforms) = postSolution
		{8FE65902-BCA5-4C98-9691-7DEF652BF249}.Debug|x64.ActiveCfg = Debug|x64
		{8FE65902-BCA5-4C98-9691-7DEF652BF249}.Debug|x64.Build.0 = Debug|x64
		{8FE65902-BCA5-4C98-9691-7DEF652BF249}.Debug|x86.ActiveCfg = Debug|Win32
		{8FE65902-BCA5-4C98-9691-7DEF652BF249}.Debug|x86.Build.0 = Debug|Win32
		{8FE65902-BCA5-4C98-9691-7DEF652BF249}.Release|x64.ActiveCfg = Release|x64
		{8FE65902-BCA5-4C98-9691-7DEF652BF249}.Release|x64.Build.0 = Release|x64
		{8FE65902-BCA5-4C98-9691-7DEF652BF249}.Release|x86.ActiveCfg = Release|Win32
		{8FE65902-BCA5-4C98-9691-7DEF652BF249}.Release|x86.Build.0 = Release|Win32
	EndGlobalSection
	GlobalSection(SolutionProperties) = preSolution
		HideSolutionNode = FALSE
	EndGlobalSection
	GlobalSection(ExtensibilityGlobals) = postSolution
		SolutionGuid = {FDEDD0DA-DFC6-4338-A52C-7033F592260E}
	EndGlobalSection
EndGlobal
